{
  "name": "5 - Validação",
  "lockfileVersion": 2,
  "requires": true,
  "packages": {
    "": {
      "dependencies": {
        "simple-mask-money": "^3.0.1"
      }
    },
    "node_modules/simple-mask-money": {
      "version": "3.0.1",
      "resolved": "https://registry.npmjs.org/simple-mask-money/-/simple-mask-money-3.0.1.tgz",
      "integrity": "sha512-EdQsBiOE0MhWCpCkUzUm7vbxPviTn/FWXQV6kmYggFLBlBDdWbJGyithizmwdeBFQiunPBZruU2xoX2H8Qlv9w==",
      "hasInstallScript": true
    }
  },
  "dependencies": {
    "simple-mask-money": {
      "version": "3.0.1",
      "resolved": "https://registry.npmjs.org/simple-mask-money/-/simple-mask-money-3.0.1.tgz",
      "integrity": "sha512-EdQsBiOE0MhWCpCkUzUm7vbxPviTn/FWXQV6kmYggFLBlBDdWbJGyithizmwdeBFQiunPBZruU2xoX2H8Qlv9w=="
    }
  }
}
